
Microsoft Visual Studio Solution File, Format Version 12.00
Project("{FAE04EC0-301F-11D3-BF4B-00C04F79EFBC}") = "MementoMoriData", "MementoMoriData\MementoMoriData.csproj", "{04782944-5752-43A3-9547-2737B796FAAD}"
EndProject
Project("{FAE04EC0-301F-11D3-BF4B-00C04F79EFBC}") = "MementoMoriData.UI", "MementoMoriData.UI\MementoMoriData.UI.csproj", "{0721F95C-6D33-4C20-A992-4FB4C8F733B6}"
EndProject
Global
	GlobalSection(SolutionConfigurationPlatforms) = preSolution
		Debug|Any CPU = Debug|Any CPU
		Release|Any CPU = Release|Any CPU
	EndGlobalSection
	GlobalSection(ProjectConfigurationPlatforms) = postSolution
		{04782944-5752-43A3-9547-2737B796FAAD}.Debug|Any CPU.ActiveCfg = Debug|Any CPU
		{04782944-5752-43A3-9547-2737B796FAAD}.Debug|Any CPU.Build.0 = Debug|Any CPU
		{04782944-5752-43A3-9547-2737B796FAAD}.Release|Any CPU.ActiveCfg = Release|Any CPU
		{04782944-5752-43A3-9547-2737B796FAAD}.Release|Any CPU.Build.0 = Release|Any CPU
		{0721F95C-6D33-4C20-A992-4FB4C8F733B6}.Debug|Any CPU.ActiveCfg = Debug|Any CPU
		{0721F95C-6D33-4C20-A992-4FB4C8F733B6}.Debug|Any CPU.Build.0 = Debug|Any CPU
		{0721F95C-6D33-4C20-A992-4FB4C8F733B6}.Release|Any CPU.ActiveCfg = Release|Any CPU
		{0721F95C-6D33-4C20-A992-4FB4C8F733B6}.Release|Any CPU.Build.0 = Release|Any CPU
	EndGlobalSection
EndGlobal
