
Microsoft Visual Studio Solution File, Format Version 12.00
Project("{FAE04EC0-301F-11D3-BF4B-00C04F79EFBC}") = "MementoMoriData", "MementoMoriData\MementoMoriData.csproj", "{04782944-5752-43A3-9547-2737B796FAAD}"
EndProject
Global
	GlobalSection(SolutionConfigurationPlatforms) = preSolution
		Debug|Any CPU = Debug|Any CPU
		Release|Any CPU = Release|Any CPU
	EndGlobalSection
	GlobalSection(ProjectConfigurationPlatforms) = postSolution
		{04782944-5752-43A3-9547-2737B796FAAD}.Debug|Any CPU.ActiveCfg = Debug|Any CPU
		{04782944-5752-43A3-9547-2737B796FAAD}.Debug|Any CPU.Build.0 = Debug|Any CPU
		{04782944-5752-43A3-9547-2737B796FAAD}.Release|Any CPU.ActiveCfg = Release|Any CPU
		{04782944-5752-43A3-9547-2737B796FAAD}.Release|Any CPU.Build.0 = Release|Any CPU
	EndGlobalSection
EndGlobal
